
Microsoft Visual Studio Solution File, Format Version 12.00
# Visual Studio Version 17
VisualStudioVersion = 17.4.33110.190
MinimumVisualStudioVersion = 10.0.40219.1
Project("{FAE04EC0-301F-11D3-BF4B-00C04F79EFBC}") = "Automaty", "Automaty\Automaty.csproj", "{9F254350-3D5F-4709-BF27-E6F76A9C60C6}"
EndProject
Global
	GlobalSection(SolutionConfigurationPlatforms) = preSolution
		Debug|Any CPU = Debug|Any CPU
		Release|Any CPU = Release|Any CPU
	EndGlobalSection
	GlobalSection(ProjectConfigurationPlatforms) = postSolution
		{9F254350-3D5F-4709-BF27-E6F76A9C60C6}.Debug|Any CPU.ActiveCfg = Debug|Any CPU
		{9F254350-3D5F-4709-BF27-E6F76A9C60C6}.Debug|Any CPU.Build.0 = Debug|Any CPU
		{9F254350-3D5F-4709-BF27-E6F76A9C60C6}.Release|Any CPU.ActiveCfg = Release|Any CPU
		{9F254350-3D5F-4709-BF27-E6F76A9C60C6}.Release|Any CPU.Build.0 = Release|Any CPU
	EndGlobalSection
	GlobalSection(SolutionProperties) = preSolution
		HideSolutionNode = FALSE
	EndGlobalSection
	GlobalSection(ExtensibilityGlobals) = postSolution
		SolutionGuid = {7155EF0A-4084-4093-BFD7-19A4D6905D3A}
	EndGlobalSection
EndGlobal
